// !$*UTF8*$!
{
	archiveVersion = 1;
	classes = {
	};
	objectVersion = 50;
	objects = {

/* Begin PBXFileReference section */
		A03A297225DA4349001AB382 /* ProtocolWithMutatingMethod.playground */ = {isa = PBXFileReference; lastKnownFileType = file.playground; path = ProtocolWithMutatingMethod.playground; sourceTree = "<group>"; xcLanguageSpecificationIdentifier = xcode.lang.swift; };
		A03A297325DA4609001AB382 /* ProtocolWithInitializer.playground */ = {isa = PBXFileReference; lastKnownFileType = file.playground; path = ProtocolWithInitializer.playground; sourceTree = "<group>"; xcLanguageSpecificationIdentifier = xcode.lang.swift; };
		A03A297425DA4771001AB382 /* ProtocolWithDelegation.playground */ = {isa = PBXFileReference; lastKnownFileType = file.playground; path = ProtocolWithDelegation.playground; sourceTree = "<group>"; xcLanguageSpecificationIdentifier = xcode.lang.swift; };
		A0566DCA25D7A14400786373 /* Inheritance.playground */ = {isa = PBXFileReference; lastKnownFileType = file.playground; path = Inheritance.playground; sourceTree = "<group>"; xcLanguageSpecificationIdentifier = xcode.lang.swift; };
		A0566DCB25D7A15900786373 /* ClassesAndObjects.playground */ = {isa = PBXFileReference; lastKnownFileType = file.playground; path = ClassesAndObjects.playground; sourceTree = "<group>"; xcLanguageSpecificationIdentifier = xcode.lang.swift; };
		A0566DCC25D7A41300786373 /* Polymorphism.playground */ = {isa = PBXFileReference; lastKnownFileType = file.playground; path = Polymorphism.playground; sourceTree = "<group>"; xcLanguageSpecificationIdentifier = xcode.lang.swift; };
		A0566DCD25D7AAB400786373 /* ProtocolWithPropertyMethod.playground */ = {isa = PBXFileReference; lastKnownFileType = file.playground; path = ProtocolWithPropertyMethod.playground; sourceTree = "<group>"; xcLanguageSpecificationIdentifier = xcode.lang.swift; };
		A0566DCF25D7B2F300786373 /* Encapsulation.playground */ = {isa = PBXFileReference; lastKnownFileType = file.playground; path = Encapsulation.playground; sourceTree = "<group>"; xcLanguageSpecificationIdentifier = xcode.lang.swift; };
/* End PBXFileReference section */

/* Begin PBXGroup section */
		A0566DC225D7999300786373 = {
			isa = PBXGroup;
			children = (
				A0566DCB25D7A15900786373 /* ClassesAndObjects.playground */,
				A0566DCA25D7A14400786373 /* Inheritance.playground */,
				A0566DCF25D7B2F300786373 /* Encapsulation.playground */,
				A0566DCC25D7A41300786373 /* Polymorphism.playground */,
				A0566DCD25D7AAB400786373 /* ProtocolWithPropertyMethod.playground */,
				A03A297225DA4349001AB382 /* ProtocolWithMutatingMethod.playground */,
				A03A297325DA4609001AB382 /* ProtocolWithInitializer.playground */,
				A03A297425DA4771001AB382 /* ProtocolWithDelegation.playground */,
			);
			sourceTree = "<group>";
		};
/* End PBXGroup section */

/* Begin PBXProject section */
		A0566DC325D7999300786373 /* Project object */ = {
			isa = PBXProject;
			attributes = {
				LastUpgradeCheck = 1240;
			};
			buildConfigurationList = A0566DC625D7999300786373 /* Build configuration list for PBXProject "OOP-in-Swift" */;
			compatibilityVersion = "Xcode 9.3";
			developmentRegion = en;
			hasScannedForEncodings = 0;
			knownRegions = (
				en,
				Base,
			);
			mainGroup = A0566DC225D7999300786373;
			projectDirPath = "";
			projectRoot = "";
			targets = (
			);
		};
/* End PBXProject section */

/* Begin XCBuildConfiguration section */
		A0566DC725D7999300786373 /* Debug */ = {
			isa = XCBuildConfiguration;
			buildSettings = {
			};
			name = Debug;
		};
		A0566DC825D7999300786373 /* Release */ = {
			isa = XCBuildConfiguration;
			buildSettings = {
			};
			name = Release;
		};
/* End XCBuildConfiguration section */

/* Begin XCConfigurationList section */
		A0566DC625D7999300786373 /* Build configuration list for PBXProject "OOP-in-Swift" */ = {
			isa = XCConfigurationList;
			buildConfigurations = (
				A0566DC725D7999300786373 /* Debug */,
				A0566DC825D7999300786373 /* Release */,
			);
			defaultConfigurationIsVisible = 0;
			defaultConfigurationName = Release;
		};
/* End XCConfigurationList section */
	};
	rootObject = A0566DC325D7999300786373 /* Project object */;
}
